
Microsoft Visual Studio Solution File, Format Version 12.00
# Visual Studio 15
VisualStudioVersion = 15.0.26403.3
MinimumVisualStudioVersion = 10.0.40219.1
<<<<<<< HEAD
<<<<<<< HEAD
Project("{FAE04EC0-301F-11D3-BF4B-00C04F79EFBC}") = "B17_Ex01_1", "B17_Ex01_1\B17_Ex01_1.csproj", "{AFB913D4-E0BA-49C6-AC2F-0A707FC8C4CF}"
=======
Project("{FAE04EC0-301F-11D3-BF4B-00C04F79EFBC}") = "B17_Ex01_5", "B17_Ex01_5\B17_Ex01_5.csproj", "{192391D6-D28F-4107-A60E-C74A51BFD8C9}"
>>>>>>> feature/Numbers_Statistics
=======
Project("{FAE04EC0-301F-11D3-BF4B-00C04F79EFBC}") = "B17_Ex01_4", "B17_Ex01_4\B17_Ex01_4.csproj", "{EF6F857A-BBAB-4BEC-8B6C-23280522D6A0}"
>>>>>>> feature/String_Analysis
EndProject
Global
	GlobalSection(SolutionConfigurationPlatforms) = preSolution
		Debug|Any CPU = Debug|Any CPU
		Release|Any CPU = Release|Any CPU
	EndGlobalSection
	GlobalSection(ProjectConfigurationPlatforms) = postSolution
<<<<<<< HEAD
<<<<<<< HEAD
		{AFB913D4-E0BA-49C6-AC2F-0A707FC8C4CF}.Debug|Any CPU.ActiveCfg = Debug|Any CPU
		{AFB913D4-E0BA-49C6-AC2F-0A707FC8C4CF}.Debug|Any CPU.Build.0 = Debug|Any CPU
		{AFB913D4-E0BA-49C6-AC2F-0A707FC8C4CF}.Release|Any CPU.ActiveCfg = Release|Any CPU
		{AFB913D4-E0BA-49C6-AC2F-0A707FC8C4CF}.Release|Any CPU.Build.0 = Release|Any CPU
=======
		{192391D6-D28F-4107-A60E-C74A51BFD8C9}.Debug|Any CPU.ActiveCfg = Debug|Any CPU
		{192391D6-D28F-4107-A60E-C74A51BFD8C9}.Debug|Any CPU.Build.0 = Debug|Any CPU
		{192391D6-D28F-4107-A60E-C74A51BFD8C9}.Release|Any CPU.ActiveCfg = Release|Any CPU
		{192391D6-D28F-4107-A60E-C74A51BFD8C9}.Release|Any CPU.Build.0 = Release|Any CPU
>>>>>>> feature/Numbers_Statistics
=======
		{EF6F857A-BBAB-4BEC-8B6C-23280522D6A0}.Debug|Any CPU.ActiveCfg = Debug|Any CPU
		{EF6F857A-BBAB-4BEC-8B6C-23280522D6A0}.Debug|Any CPU.Build.0 = Debug|Any CPU
		{EF6F857A-BBAB-4BEC-8B6C-23280522D6A0}.Release|Any CPU.ActiveCfg = Release|Any CPU
		{EF6F857A-BBAB-4BEC-8B6C-23280522D6A0}.Release|Any CPU.Build.0 = Release|Any CPU
>>>>>>> feature/String_Analysis
	EndGlobalSection
	GlobalSection(SolutionProperties) = preSolution
		HideSolutionNode = FALSE
	EndGlobalSection
EndGlobal
